{
  "name": "map-builder",
  "version": "1.0.0",
  "lockfileVersion": 1,
  "requires": true,
  "dependencies": {
    "fast-xml-parser": {
      "version": "3.13.0",
      "resolved": "https://registry.npmjs.org/fast-xml-parser/-/fast-xml-parser-3.13.0.tgz",
      "integrity": "sha512-XYXC39VjE9dH6jpp5Gm5gsuR8Z4bMz44qMpT1PmqR+iyOJMhC0LcsN81asYkHP4OkEX8TTR8d6V/caCmy8Q8jQ=="
    },
    "he": {
      "version": "1.2.0",
      "resolved": "https://registry.npmjs.org/he/-/he-1.2.0.tgz",
      "integrity": "sha512-F/1DnUGPopORZi0ni+CvrCgHQ5FyEAHRLSApuYWMmrbSwoN2Mn/7k+Gl38gJnR7yyDZk6WLXwiGod1JOWNDKGw=="
    }
  }
}
